
Microsoft Visual Studio Solution File, Format Version 12.00
Project("{FAE04EC0-301F-11D3-BF4B-00C04F79EFBC}") = "FamilyTree", "FamilyTree.csproj", "{6FABC3CB-26A2-49ED-9A0B-3F9E49A74088}"
EndProject
Global
	GlobalSection(SolutionConfigurationPlatforms) = preSolution
		Debug|Any CPU = Debug|Any CPU
		Release|Any CPU = Release|Any CPU
	EndGlobalSection
	GlobalSection(ProjectConfigurationPlatforms) = postSolution
		{6FABC3CB-26A2-49ED-9A0B-3F9E49A74088}.Debug|Any CPU.ActiveCfg = Debug|Any CPU
		{6FABC3CB-26A2-49ED-9A0B-3F9E49A74088}.Debug|Any CPU.Build.0 = Debug|Any CPU
		{6FABC3CB-26A2-49ED-9A0B-3F9E49A74088}.Release|Any CPU.ActiveCfg = Release|Any CPU
		{6FABC3CB-26A2-49ED-9A0B-3F9E49A74088}.Release|Any CPU.Build.0 = Release|Any CPU
	EndGlobalSection
EndGlobal
